{
  "nodes": {
    "nixpkgs": {
      "locked": {
        "lastModified": 1657972522,
        "narHash": "sha256-JTiKsBT1BwMbtSUsvtSl8ffkiirby8FaujJVGV766Q8=",
        "owner": "NixOS",
        "repo": "nixpkgs",
        "rev": "07a2e6a4e31ea48408861607198972d60adaf4ad",
        "type": "github"
      },
      "original": {
        "id": "nixpkgs",
        "ref": "release-22.05",
        "type": "indirect"
      }
    },
    "root": {
      "inputs": {
        "nixpkgs": "nixpkgs",
        "utils": "utils"
      }
    },
    "utils": {
      "locked": {
        "lastModified": 1656928814,
        "narHash": "sha256-RIFfgBuKz6Hp89yRr7+NR5tzIAbn52h8vT6vXkYjZoM=",
        "owner": "numtide",
        "repo": "flake-utils",
        "rev": "7e2a3b3dfd9af950a856d66b0a7d01e3c18aa249",
        "type": "github"
      },
      "original": {
        "owner": "numtide",
        "repo": "flake-utils",
        "type": "github"
      }
    }
  },
  "root": "root",
  "version": 7
}
