{
  "nodes": {
    "nixpkgs": {
      "locked": {
        "lastModified": 1674902473,
        "narHash": "sha256-MdKJeeDTjCtmoVPWLEDg10jgknt6rqTO3c1WeNQtho4=",
        "owner": "NixOS",
        "repo": "nixpkgs",
        "rev": "548896f4d9f7db2f7205d82727d6c03c86d2f896",
        "type": "github"
      },
      "original": {
        "id": "nixpkgs",
        "ref": "release-22.11",
        "type": "indirect"
      }
    },
    "root": {
      "inputs": {
        "nixpkgs": "nixpkgs",
        "utils": "utils"
      }
    },
    "utils": {
      "locked": {
        "lastModified": 1667395993,
        "narHash": "sha256-nuEHfE/LcWyuSWnS8t12N1wc105Qtau+/OdUAjtQ0rA=",
        "owner": "numtide",
        "repo": "flake-utils",
        "rev": "5aed5285a952e0b949eb3ba02c12fa4fcfef535f",
        "type": "github"
      },
      "original": {
        "owner": "numtide",
        "repo": "flake-utils",
        "type": "github"
      }
    }
  },
  "root": "root",
  "version": 7
}
